// !$*UTF8*$!
{
	archiveVersion = 1;
	classes = {
	};
	objectVersion = 50;
	objects = {

/* Begin PBXBuildFile section */
		8525775123290A1800BF8AF8 /* libp2p.framework in Frameworks */ = {isa = PBXBuildFile; fileRef = 8525774723290A1800BF8AF8 /* libp2p.framework */; };
		8525775623290A1800BF8AF8 /* libp2pTests.m in Sources */ = {isa = PBXBuildFile; fileRef = 8525775523290A1800BF8AF8 /* libp2pTests.m */; };
		8525775823290A1800BF8AF8 /* libp2p.h in Headers */ = {isa = PBXBuildFile; fileRef = 8525774A23290A1800BF8AF8 /* libp2p.h */; settings = {ATTRIBUTES = (Public, ); }; };
		8525776223290B0500BF8AF8 /* libp2p.mm in Sources */ = {isa = PBXBuildFile; fileRef = 8525776123290B0500BF8AF8 /* libp2p.mm */; };
		85257768232919E000BF8AF8 /* lib in Resources */ = {isa = PBXBuildFile; fileRef = 85257767232919E000BF8AF8 /* lib */; };
		8525776A232919EA00BF8AF8 /* vpn_client.h in Headers */ = {isa = PBXBuildFile; fileRef = 85257769232919EA00BF8AF8 /* vpn_client.h */; };
/* End PBXBuildFile section */

/* Begin PBXContainerItemProxy section */
		8525775223290A1800BF8AF8 /* PBXContainerItemProxy */ = {
			isa = PBXContainerItemProxy;
			containerPortal = 8525773E23290A1800BF8AF8 /* Project object */;
			proxyType = 1;
			remoteGlobalIDString = 8525774623290A1800BF8AF8;
			remoteInfo = libp2p;
		};
/* End PBXContainerItemProxy section */

/* Begin PBXFileReference section */
		8525774723290A1800BF8AF8 /* libp2p.framework */ = {isa = PBXFileReference; explicitFileType = wrapper.framework; includeInIndex = 0; path = libp2p.framework; sourceTree = BUILT_PRODUCTS_DIR; };
		8525774A23290A1800BF8AF8 /* libp2p.h */ = {isa = PBXFileReference; lastKnownFileType = sourcecode.c.h; path = libp2p.h; sourceTree = "<group>"; };
		8525774B23290A1800BF8AF8 /* Info.plist */ = {isa = PBXFileReference; lastKnownFileType = text.plist.xml; path = Info.plist; sourceTree = "<group>"; };
		8525775023290A1800BF8AF8 /* libp2pTests.xctest */ = {isa = PBXFileReference; explicitFileType = wrapper.cfbundle; includeInIndex = 0; path = libp2pTests.xctest; sourceTree = BUILT_PRODUCTS_DIR; };
		8525775523290A1800BF8AF8 /* libp2pTests.m */ = {isa = PBXFileReference; lastKnownFileType = sourcecode.c.objc; path = libp2pTests.m; sourceTree = "<group>"; };
		8525775723290A1800BF8AF8 /* Info.plist */ = {isa = PBXFileReference; lastKnownFileType = text.plist.xml; path = Info.plist; sourceTree = "<group>"; };
		8525776123290B0500BF8AF8 /* libp2p.mm */ = {isa = PBXFileReference; lastKnownFileType = sourcecode.cpp.objcpp; path = libp2p.mm; sourceTree = "<group>"; };
		85257767232919E000BF8AF8 /* lib */ = {isa = PBXFileReference; lastKnownFileType = folder; path = lib; sourceTree = "<group>"; };
		85257769232919EA00BF8AF8 /* vpn_client.h */ = {isa = PBXFileReference; fileEncoding = 4; lastKnownFileType = sourcecode.c.h; name = vpn_client.h; path = include/vpn_client.h; sourceTree = "<group>"; };
/* End PBXFileReference section */

/* Begin PBXFrameworksBuildPhase section */
		8525774423290A1800BF8AF8 /* Frameworks */ = {
			isa = PBXFrameworksBuildPhase;
			buildActionMask = 2147483647;
			files = (
			);
			runOnlyForDeploymentPostprocessing = 0;
		};
		8525774D23290A1800BF8AF8 /* Frameworks */ = {
			isa = PBXFrameworksBuildPhase;
			buildActionMask = 2147483647;
			files = (
				8525775123290A1800BF8AF8 /* libp2p.framework in Frameworks */,
			);
			runOnlyForDeploymentPostprocessing = 0;
		};
/* End PBXFrameworksBuildPhase section */

/* Begin PBXGroup section */
		8525773D23290A1800BF8AF8 = {
			isa = PBXGroup;
			children = (
				85257769232919EA00BF8AF8 /* vpn_client.h */,
				85257767232919E000BF8AF8 /* lib */,
				8525774923290A1800BF8AF8 /* libp2p */,
				8525775423290A1800BF8AF8 /* libp2pTests */,
				8525774823290A1800BF8AF8 /* Products */,
			);
			sourceTree = "<group>";
		};
		8525774823290A1800BF8AF8 /* Products */ = {
			isa = PBXGroup;
			children = (
				8525774723290A1800BF8AF8 /* libp2p.framework */,
				8525775023290A1800BF8AF8 /* libp2pTests.xctest */,
			);
			name = Products;
			sourceTree = "<group>";
		};
		8525774923290A1800BF8AF8 /* libp2p */ = {
			isa = PBXGroup;
			children = (
				8525774A23290A1800BF8AF8 /* libp2p.h */,
				8525774B23290A1800BF8AF8 /* Info.plist */,
				8525776123290B0500BF8AF8 /* libp2p.mm */,
			);
			path = libp2p;
			sourceTree = "<group>";
		};
		8525775423290A1800BF8AF8 /* libp2pTests */ = {
			isa = PBXGroup;
			children = (
				8525775523290A1800BF8AF8 /* libp2pTests.m */,
				8525775723290A1800BF8AF8 /* Info.plist */,
			);
			path = libp2pTests;
			sourceTree = "<group>";
		};
/* End PBXGroup section */

/* Begin PBXHeadersBuildPhase section */
		8525774223290A1800BF8AF8 /* Headers */ = {
			isa = PBXHeadersBuildPhase;
			buildActionMask = 2147483647;
			files = (
				8525776A232919EA00BF8AF8 /* vpn_client.h in Headers */,
				8525775823290A1800BF8AF8 /* libp2p.h in Headers */,
			);
			runOnlyForDeploymentPostprocessing = 0;
		};
/* End PBXHeadersBuildPhase section */

/* Begin PBXNativeTarget section */
		8525774623290A1800BF8AF8 /* libp2p */ = {
			isa = PBXNativeTarget;
			buildConfigurationList = 8525775B23290A1800BF8AF8 /* Build configuration list for PBXNativeTarget "libp2p" */;
			buildPhases = (
				8525774223290A1800BF8AF8 /* Headers */,
				8525774323290A1800BF8AF8 /* Sources */,
				8525774423290A1800BF8AF8 /* Frameworks */,
				8525774523290A1800BF8AF8 /* Resources */,
			);
			buildRules = (
			);
			dependencies = (
			);
			name = libp2p;
			productName = libp2p;
			productReference = 8525774723290A1800BF8AF8 /* libp2p.framework */;
			productType = "com.apple.product-type.framework";
		};
		8525774F23290A1800BF8AF8 /* libp2pTests */ = {
			isa = PBXNativeTarget;
			buildConfigurationList = 8525775E23290A1800BF8AF8 /* Build configuration list for PBXNativeTarget "libp2pTests" */;
			buildPhases = (
				8525774C23290A1800BF8AF8 /* Sources */,
				8525774D23290A1800BF8AF8 /* Frameworks */,
				8525774E23290A1800BF8AF8 /* Resources */,
			);
			buildRules = (
			);
			dependencies = (
				8525775323290A1800BF8AF8 /* PBXTargetDependency */,
			);
			name = libp2pTests;
			productName = libp2pTests;
			productReference = 8525775023290A1800BF8AF8 /* libp2pTests.xctest */;
			productType = "com.apple.product-type.bundle.unit-test";
		};
/* End PBXNativeTarget section */

/* Begin PBXProject section */
		8525773E23290A1800BF8AF8 /* Project object */ = {
			isa = PBXProject;
			attributes = {
				LastUpgradeCheck = 1030;
				ORGANIZATIONNAME = actantion;
				TargetAttributes = {
					8525774623290A1800BF8AF8 = {
						CreatedOnToolsVersion = 10.3;
					};
					8525774F23290A1800BF8AF8 = {
						CreatedOnToolsVersion = 10.3;
					};
				};
			};
			buildConfigurationList = 8525774123290A1800BF8AF8 /* Build configuration list for PBXProject "libp2p" */;
			compatibilityVersion = "Xcode 9.3";
			developmentRegion = en;
			hasScannedForEncodings = 0;
			knownRegions = (
				en,
			);
			mainGroup = 8525773D23290A1800BF8AF8;
			productRefGroup = 8525774823290A1800BF8AF8 /* Products */;
			projectDirPath = "";
			projectRoot = "";
			targets = (
				8525774623290A1800BF8AF8 /* libp2p */,
				8525774F23290A1800BF8AF8 /* libp2pTests */,
			);
		};
/* End PBXProject section */

/* Begin PBXResourcesBuildPhase section */
		8525774523290A1800BF8AF8 /* Resources */ = {
			isa = PBXResourcesBuildPhase;
			buildActionMask = 2147483647;
			files = (
				85257768232919E000BF8AF8 /* lib in Resources */,
			);
			runOnlyForDeploymentPostprocessing = 0;
		};
		8525774E23290A1800BF8AF8 /* Resources */ = {
			isa = PBXResourcesBuildPhase;
			buildActionMask = 2147483647;
			files = (
			);
			runOnlyForDeploymentPostprocessing = 0;
		};
/* End PBXResourcesBuildPhase section */

/* Begin PBXSourcesBuildPhase section */
		8525774323290A1800BF8AF8 /* Sources */ = {
			isa = PBXSourcesBuildPhase;
			buildActionMask = 2147483647;
			files = (
				8525776223290B0500BF8AF8 /* libp2p.mm in Sources */,
			);
			runOnlyForDeploymentPostprocessing = 0;
		};
		8525774C23290A1800BF8AF8 /* Sources */ = {
			isa = PBXSourcesBuildPhase;
			buildActionMask = 2147483647;
			files = (
				8525775623290A1800BF8AF8 /* libp2pTests.m in Sources */,
			);
			runOnlyForDeploymentPostprocessing = 0;
		};
/* End PBXSourcesBuildPhase section */

/* Begin PBXTargetDependency section */
		8525775323290A1800BF8AF8 /* PBXTargetDependency */ = {
			isa = PBXTargetDependency;
			target = 8525774623290A1800BF8AF8 /* libp2p */;
			targetProxy = 8525775223290A1800BF8AF8 /* PBXContainerItemProxy */;
		};
/* End PBXTargetDependency section */

/* Begin XCBuildConfiguration section */
		8525775923290A1800BF8AF8 /* Debug */ = {
			isa = XCBuildConfiguration;
			buildSettings = {
				ALWAYS_SEARCH_USER_PATHS = NO;
				CLANG_ANALYZER_NONNULL = YES;
				CLANG_ANALYZER_NUMBER_OBJECT_CONVERSION = YES_AGGRESSIVE;
				CLANG_CXX_LANGUAGE_STANDARD = "gnu++14";
				CLANG_CXX_LIBRARY = "libc++";
				CLANG_ENABLE_MODULES = YES;
				CLANG_ENABLE_OBJC_ARC = YES;
				CLANG_ENABLE_OBJC_WEAK = YES;
				CLANG_WARN_BLOCK_CAPTURE_AUTORELEASING = YES;
				CLANG_WARN_BOOL_CONVERSION = YES;
				CLANG_WARN_COMMA = YES;
				CLANG_WARN_CONSTANT_CONVERSION = YES;
				CLANG_WARN_DEPRECATED_OBJC_IMPLEMENTATIONS = YES;
				CLANG_WARN_DIRECT_OBJC_ISA_USAGE = YES_ERROR;
				CLANG_WARN_DOCUMENTATION_COMMENTS = YES;
				CLANG_WARN_EMPTY_BODY = YES;
				CLANG_WARN_ENUM_CONVERSION = YES;
				CLANG_WARN_INFINITE_RECURSION = YES;
				CLANG_WARN_INT_CONVERSION = YES;
				CLANG_WARN_NON_LITERAL_NULL_CONVERSION = YES;
				CLANG_WARN_OBJC_IMPLICIT_RETAIN_SELF = YES;
				CLANG_WARN_OBJC_LITERAL_CONVERSION = YES;
				CLANG_WARN_OBJC_ROOT_CLASS = YES_ERROR;
				CLANG_WARN_RANGE_LOOP_ANALYSIS = YES;
				CLANG_WARN_STRICT_PROTOTYPES = YES;
				CLANG_WARN_SUSPICIOUS_MOVE = YES;
				CLANG_WARN_UNGUARDED_AVAILABILITY = YES_AGGRESSIVE;
				CLANG_WARN_UNREACHABLE_CODE = YES;
				CLANG_WARN__DUPLICATE_METHOD_MATCH = YES;
				CODE_SIGN_IDENTITY = "iPhone Developer";
				COPY_PHASE_STRIP = NO;
				CURRENT_PROJECT_VERSION = 1;
				DEBUG_INFORMATION_FORMAT = dwarf;
				ENABLE_STRICT_OBJC_MSGSEND = YES;
				ENABLE_TESTABILITY = YES;
				GCC_C_LANGUAGE_STANDARD = gnu11;
				GCC_DYNAMIC_NO_PIC = NO;
				GCC_NO_COMMON_BLOCKS = YES;
				GCC_OPTIMIZATION_LEVEL = 0;
				GCC_PREPROCESSOR_DEFINITIONS = (
					"DEBUG=1",
					"$(inherited)",
				);
				GCC_VERSION = "";
				GCC_WARN_64_TO_32_BIT_CONVERSION = YES;
				GCC_WARN_ABOUT_RETURN_TYPE = YES_ERROR;
				GCC_WARN_UNDECLARED_SELECTOR = YES;
				GCC_WARN_UNINITIALIZED_AUTOS = YES_AGGRESSIVE;
				GCC_WARN_UNUSED_FUNCTION = YES;
				GCC_WARN_UNUSED_VARIABLE = YES;
				IPHONEOS_DEPLOYMENT_TARGET = 10.0;
				MTL_ENABLE_DEBUG_INFO = INCLUDE_SOURCE;
				MTL_FAST_MATH = YES;
				ONLY_ACTIVE_ARCH = YES;
				SDKROOT = iphoneos;
				VERSIONING_SYSTEM = "apple-generic";
				VERSION_INFO_PREFIX = "";
			};
			name = Debug;
		};
		8525775A23290A1800BF8AF8 /* Release */ = {
			isa = XCBuildConfiguration;
			buildSettings = {
				ALWAYS_SEARCH_USER_PATHS = NO;
				CLANG_ANALYZER_NONNULL = YES;
				CLANG_ANALYZER_NUMBER_OBJECT_CONVERSION = YES_AGGRESSIVE;
				CLANG_CXX_LANGUAGE_STANDARD = "gnu++14";
				CLANG_CXX_LIBRARY = "libc++";
				CLANG_ENABLE_MODULES = YES;
				CLANG_ENABLE_OBJC_ARC = YES;
				CLANG_ENABLE_OBJC_WEAK = YES;
				CLANG_WARN_BLOCK_CAPTURE_AUTORELEASING = YES;
				CLANG_WARN_BOOL_CONVERSION = YES;
				CLANG_WARN_COMMA = YES;
				CLANG_WARN_CONSTANT_CONVERSION = YES;
				CLANG_WARN_DEPRECATED_OBJC_IMPLEMENTATIONS = YES;
				CLANG_WARN_DIRECT_OBJC_ISA_USAGE = YES_ERROR;
				CLANG_WARN_DOCUMENTATION_COMMENTS = YES;
				CLANG_WARN_EMPTY_BODY = YES;
				CLANG_WARN_ENUM_CONVERSION = YES;
				CLANG_WARN_INFINITE_RECURSION = YES;
				CLANG_WARN_INT_CONVERSION = YES;
				CLANG_WARN_NON_LITERAL_NULL_CONVERSION = YES;
				CLANG_WARN_OBJC_IMPLICIT_RETAIN_SELF = YES;
				CLANG_WARN_OBJC_LITERAL_CONVERSION = YES;
				CLANG_WARN_OBJC_ROOT_CLASS = YES_ERROR;
				CLANG_WARN_RANGE_LOOP_ANALYSIS = YES;
				CLANG_WARN_STRICT_PROTOTYPES = YES;
				CLANG_WARN_SUSPICIOUS_MOVE = YES;
				CLANG_WARN_UNGUARDED_AVAILABILITY = YES_AGGRESSIVE;
				CLANG_WARN_UNREACHABLE_CODE = YES;
				CLANG_WARN__DUPLICATE_METHOD_MATCH = YES;
				CODE_SIGN_IDENTITY = "iPhone Developer";
				COPY_PHASE_STRIP = NO;
				CURRENT_PROJECT_VERSION = 1;
				DEBUG_INFORMATION_FORMAT = "dwarf-with-dsym";
				ENABLE_NS_ASSERTIONS = NO;
				ENABLE_STRICT_OBJC_MSGSEND = YES;
				GCC_C_LANGUAGE_STANDARD = gnu11;
				GCC_NO_COMMON_BLOCKS = YES;
				GCC_VERSION = "";
				GCC_WARN_64_TO_32_BIT_CONVERSION = YES;
				GCC_WARN_ABOUT_RETURN_TYPE = YES_ERROR;
				GCC_WARN_UNDECLARED_SELECTOR = YES;
				GCC_WARN_UNINITIALIZED_AUTOS = YES_AGGRESSIVE;
				GCC_WARN_UNUSED_FUNCTION = YES;
				GCC_WARN_UNUSED_VARIABLE = YES;
				IPHONEOS_DEPLOYMENT_TARGET = 10.0;
				MTL_ENABLE_DEBUG_INFO = NO;
				MTL_FAST_MATH = YES;
				SDKROOT = iphoneos;
				VALIDATE_PRODUCT = YES;
				VERSIONING_SYSTEM = "apple-generic";
				VERSION_INFO_PREFIX = "";
			};
			name = Release;
		};
		8525775C23290A1800BF8AF8 /* Debug */ = {
			isa = XCBuildConfiguration;
			buildSettings = {
				ARCHS = (
					"$(ARCHS_STANDARD)",
					armv7s,
				);
				CODE_SIGN_IDENTITY = "";
				CODE_SIGN_STYLE = Automatic;
				DEFINES_MODULE = YES;
				DEVELOPMENT_TEAM = MF5R7KP39Q;
				DYLIB_COMPATIBILITY_VERSION = 1;
				DYLIB_CURRENT_VERSION = 1;
				DYLIB_INSTALL_NAME_BASE = "@rpath";
				HEADER_SEARCH_PATHS = "${SRCROOT}/include";
				INFOPLIST_FILE = libp2p/Info.plist;
				INSTALL_PATH = "$(LOCAL_LIBRARY_DIR)/Frameworks";
				LD_RUNPATH_SEARCH_PATHS = (
					"$(inherited)",
					"@executable_path/Frameworks",
					"@loader_path/Frameworks",
				);
				LIBRARY_SEARCH_PATHS = "${SRCROOT}/lib";
				MACH_O_TYPE = staticlib;
				OTHER_LDFLAGS = (
					"-lclient",
					"-linit",
					"-lbft",
					"-lblock",
					"-lvss",
					"-lnetwork",
					"-lsync",
					"-lbroadcast",
					"-ldht",
					"-lnat_traverse",
					"-ltransport",
					"-lkcp",
					"-lbz2",
					"-ldb",
					"-lsecurity",
					"-lip",
					"-lcommon",
					"-lprotobuf",
					"-luv",
					"-luuid",
				);
				PRODUCT_BUNDLE_IDENTIFIER = "com.fmkj.hammer-.libp2p";
				PRODUCT_NAME = "$(TARGET_NAME:c99extidentifier)";
				SKIP_INSTALL = YES;
				TARGETED_DEVICE_FAMILY = "1,2";
			};
			name = Debug;
		};
		8525775D23290A1800BF8AF8 /* Release */ = {
			isa = XCBuildConfiguration;
			buildSettings = {
				ARCHS = (
					"$(ARCHS_STANDARD)",
					armv7s,
				);
				CODE_SIGN_IDENTITY = "";
				CODE_SIGN_STYLE = Automatic;
				DEFINES_MODULE = YES;
				DEVELOPMENT_TEAM = MF5R7KP39Q;
				DYLIB_COMPATIBILITY_VERSION = 1;
				DYLIB_CURRENT_VERSION = 1;
				DYLIB_INSTALL_NAME_BASE = "@rpath";
				HEADER_SEARCH_PATHS = "${SRCROOT}/include";
				INFOPLIST_FILE = libp2p/Info.plist;
				INSTALL_PATH = "$(LOCAL_LIBRARY_DIR)/Frameworks";
				LD_RUNPATH_SEARCH_PATHS = (
					"$(inherited)",
					"@executable_path/Frameworks",
					"@loader_path/Frameworks",
				);
				LIBRARY_SEARCH_PATHS = "${SRCROOT}/lib";
				MACH_O_TYPE = staticlib;
				OTHER_LDFLAGS = (
					"-lclient",
					"-linit",
					"-lbft",
					"-lblock",
					"-lvss",
					"-lnetwork",
					"-lsync",
					"-lbroadcast",
					"-ldht",
					"-lnat_traverse",
					"-ltransport",
					"-lkcp",
					"-lbz2",
					"-ldb",
					"-lsecurity",
					"-lip",
					"-lcommon",
					"-lprotobuf",
					"-luv",
					"-luuid",
				);
				PRODUCT_BUNDLE_IDENTIFIER = "com.fmkj.hammer-.libp2p";
				PRODUCT_NAME = "$(TARGET_NAME:c99extidentifier)";
				SKIP_INSTALL = YES;
				TARGETED_DEVICE_FAMILY = "1,2";
			};
			name = Release;
		};
		8525775F23290A1800BF8AF8 /* Debug */ = {
			isa = XCBuildConfiguration;
			buildSettings = {
				CLANG_CXX_LANGUAGE_STANDARD = "c++0x";
				CODE_SIGN_STYLE = Automatic;
				DEVELOPMENT_TEAM = MF5R7KP39Q;
				GCC_C_LANGUAGE_STANDARD = gnu99;
				GCC_ENABLE_CPP_RTTI = YES;
				HEADER_SEARCH_PATHS = ./include;
				INFOPLIST_FILE = libp2pTests/Info.plist;
				IPHONEOS_DEPLOYMENT_TARGET = 10.0;
				LD_RUNPATH_SEARCH_PATHS = (
					"$(inherited)",
					"@executable_path/Frameworks",
					"@loader_path/Frameworks",
				);
				LIBRARY_SEARCH_PATHS = ./lib;
				PRODUCT_BUNDLE_IDENTIFIER = "com.fmkj.hammer-.libp2pTests";
				PRODUCT_NAME = "$(TARGET_NAME)";
				TARGETED_DEVICE_FAMILY = "1,2";
			};
			name = Debug;
		};
		8525776023290A1800BF8AF8 /* Release */ = {
			isa = XCBuildConfiguration;
			buildSettings = {
				CLANG_CXX_LANGUAGE_STANDARD = "c++0x";
				CODE_SIGN_STYLE = Automatic;
				DEVELOPMENT_TEAM = MF5R7KP39Q;
				GCC_C_LANGUAGE_STANDARD = gnu99;
				GCC_ENABLE_CPP_RTTI = YES;
				HEADER_SEARCH_PATHS = ./include;
				INFOPLIST_FILE = libp2pTests/Info.plist;
				IPHONEOS_DEPLOYMENT_TARGET = 10.0;
				LD_RUNPATH_SEARCH_PATHS = (
					"$(inherited)",
					"@executable_path/Frameworks",
					"@loader_path/Frameworks",
				);
				LIBRARY_SEARCH_PATHS = ./lib;
				PRODUCT_BUNDLE_IDENTIFIER = "com.fmkj.hammer-.libp2pTests";
				PRODUCT_NAME = "$(TARGET_NAME)";
				TARGETED_DEVICE_FAMILY = "1,2";
			};
			name = Release;
		};
/* End XCBuildConfiguration section */

/* Begin XCConfigurationList section */
		8525774123290A1800BF8AF8 /* Build configuration list for PBXProject "libp2p" */ = {
			isa = XCConfigurationList;
			buildConfigurations = (
				8525775923290A1800BF8AF8 /* Debug */,
				8525775A23290A1800BF8AF8 /* Release */,
			);
			defaultConfigurationIsVisible = 0;
			defaultConfigurationName = Release;
		};
		8525775B23290A1800BF8AF8 /* Build configuration list for PBXNativeTarget "libp2p" */ = {
			isa = XCConfigurationList;
			buildConfigurations = (
				8525775C23290A1800BF8AF8 /* Debug */,
				8525775D23290A1800BF8AF8 /* Release */,
			);
			defaultConfigurationIsVisible = 0;
			defaultConfigurationName = Release;
		};
		8525775E23290A1800BF8AF8 /* Build configuration list for PBXNativeTarget "libp2pTests" */ = {
			isa = XCConfigurationList;
			buildConfigurations = (
				8525775F23290A1800BF8AF8 /* Debug */,
				8525776023290A1800BF8AF8 /* Release */,
			);
			defaultConfigurationIsVisible = 0;
			defaultConfigurationName = Release;
		};
/* End XCConfigurationList section */
	};
	rootObject = 8525773E23290A1800BF8AF8 /* Project object */;
}
